uuid: e216cf33-a840-4c02-b420-6cfa09635fbe
langcode: en
status: true
dependencies:
  module:
    - user_info_block
  theme:
    - moviesflix
id: moviesflix_userinfoblock
theme: moviesflix
region: content
weight: 0
provider: null
plugin: user_info_block
settings:
  id: user_info_block
  label: 'User Info Block'
  label_display: visible
  provider: user_info_block
visibility: {  }
